Microsoft Visual Studio Solution File, Format Version 12.00
# Visual Studio Version 17
VisualStudioVersion = 17.5.2.0
MinimumVisualStudioVersion = 10.0.40219.1
Project("{FAE04EC0-301F-11D3-BF4B-00C04F79EFBC}") = "Touragency", "Touragency.csproj", "{FE32DB26-97D5-C653-9278-B57886344D2E}"
EndProject
Global
	GlobalSection(SolutionConfigurationPlatforms) = preSolution
		Debug|Any CPU = Debug|Any CPU
		Release|Any CPU = Release|Any CPU
	EndGlobalSection
	GlobalSection(ProjectConfigurationPlatforms) = postSolution
		{FE32DB26-97D5-C653-9278-B57886344D2E}.Debug|Any CPU.ActiveCfg = Debug|Any CPU
		{FE32DB26-97D5-C653-9278-B57886344D2E}.Debug|Any CPU.Build.0 = Debug|Any CPU
		{FE32DB26-97D5-C653-9278-B57886344D2E}.Release|Any CPU.ActiveCfg = Release|Any CPU
		{FE32DB26-97D5-C653-9278-B57886344D2E}.Release|Any CPU.Build.0 = Release|Any CPU
	EndGlobalSection
	GlobalSection(SolutionProperties) = preSolution
		HideSolutionNode = FALSE
	EndGlobalSection
	GlobalSection(ExtensibilityGlobals) = postSolution
		SolutionGuid = {CFE1A943-814A-4D5D-A0D3-ACAB67D0DECC}
	EndGlobalSection
EndGlobal
